# DO NOT EDIT MANUALLY - Managed by Fern Replay
version: "1.0"
generations:
  - commit_sha: 4044a9c5bf1a69528f6480bfb5dddb027a44f549
    tree_hash: efa3022e445da5e45cf12b721282d51e01261c20
    timestamp: 2026-05-22T15:19:25.154Z
    cli_version: unknown
    generator_versions: {}
  - commit_sha: c524d469094a042d395f90f597f6070179df15fd
    tree_hash: 9f966353bfa8ae190194fc76c8f523f71473ab54
    timestamp: 2026-06-08T16:19:50.953Z
    cli_version: unknown
    generator_versions:
      fernapi/fern-go-sdk: 1.44.2
  - commit_sha: 1ae81bce72403f7c41c714bcf80de6f24de89b58
    tree_hash: 1b4992cafd772ad5dd315f597237822a7014e5ea
    timestamp: 2026-06-16T15:13:46.804Z
    cli_version: unknown
    generator_versions:
      fernapi/fern-go-sdk: 1.44.2
  - commit_sha: 1166255b1cde84cba7e41e7416cabc69ba9c2040
    tree_hash: f8c8f1c7165b6f572da475a7991efe3fe184b55c
    timestamp: 2026-06-22T16:12:03.456Z
    cli_version: unknown
    generator_versions:
      fernapi/fern-go-sdk: 1.46.0
current_generation: 1166255b1cde84cba7e41e7416cabc69ba9c2040
patches:
  - id: patch-c1dec125
    content_hash: sha256:3602badfd6867857bc1f9fc1eddae9cba4a3e8016e6f7211a1339d67bb73c8d2
    original_commit: c1dec12524ae4d861b313c6edb5d4c61b2b2b3a7
    original_message: "chore(deps): bump actions/setup-go from 4 to 6 (#165)"
    original_author: dependabot[bot] <49699333+dependabot[bot]@users.noreply.github.com>
    base_generation: 1166255b1cde84cba7e41e7416cabc69ba9c2040
    files:
      - .github/workflows/ci.yml
    patch_content: |
      diff --git a/.github/workflows/ci.yml b/.github/workflows/ci.yml
      index 1097e6a..e9cfd15 100644
      --- a/.github/workflows/ci.yml
      +++ b/.github/workflows/ci.yml
      @@ -14,7 +14,9 @@ jobs:
               uses: actions/checkout@v4
       
             - name: Set up go
      -        uses: actions/setup-go@v4
      +        uses: actions/setup-go@v6
      +        with:
      +          go-version-file: go.mod
       
             - name: Compile
               run: go build ./...
      @@ -25,7 +27,9 @@ jobs:
               uses: actions/checkout@v4
       
             - name: Set up go
      -        uses: actions/setup-go@v4
      +        uses: actions/setup-go@v6
      +        with:
      +          go-version-file: go.mod
       
             - name: Lint
               uses: golangci/golangci-lint-action@v9
      @@ -38,7 +42,9 @@ jobs:
               uses: actions/checkout@v4
       
             - name: Set up go
      -        uses: actions/setup-go@v4
      +        uses: actions/setup-go@v6
      +        with:
      +          go-version-file: go.mod
       
             - name: Setup wiremock server
               run: |
    theirs_snapshot:
      .github/workflows/ci.yml: |
        name: ci

        on: [push]

        concurrency:
          group: ${{ github.workflow }}-${{ github.ref }}
          cancel-in-progress: false

        jobs:
          compile:
            runs-on: ubuntu-latest
            steps:
              - name: Checkout repo
                uses: actions/checkout@v4

              - name: Set up go
                uses: actions/setup-go@v6
                with:
                  go-version-file: go.mod

              - name: Compile
                run: go build ./...
          lint:
            runs-on: ubuntu-latest
            steps:
              - name: Checkout repo
                uses: actions/checkout@v4

              - name: Set up go
                uses: actions/setup-go@v6
                with:
                  go-version-file: go.mod

              - name: Lint
                uses: golangci/golangci-lint-action@v9
                with:
                  version: v2.10.1
          test:
            runs-on: ubuntu-latest
            steps:
              - name: Checkout repo
                uses: actions/checkout@v4

              - name: Set up go
                uses: actions/setup-go@v6
                with:
                  go-version-file: go.mod

              - name: Setup wiremock server
                run: |
                  PROJECT_NAME="wiremock-$(basename $(dirname $(pwd)) | tr -d '.')"
                  echo "PROJECT_NAME=$PROJECT_NAME" >> $GITHUB_ENV
                  if [ -f wiremock/docker-compose.test.yml ]; then
                    docker compose -p "$PROJECT_NAME" -f wiremock/docker-compose.test.yml down
                    docker compose -p "$PROJECT_NAME" -f wiremock/docker-compose.test.yml up -d
                    WIREMOCK_PORT=$(docker compose -p "$PROJECT_NAME" -f wiremock/docker-compose.test.yml port wiremock 8080 | cut -d: -f2)
                    echo "WIREMOCK_URL=http://localhost:$WIREMOCK_PORT" >> $GITHUB_ENV
                  fi

              - name: Test
                run: go test ./...

              - name: Teardown wiremock server
                if: always()
                run: |
                  if [ -f wiremock/docker-compose.test.yml ]; then
                    docker compose -p "$PROJECT_NAME" -f wiremock/docker-compose.test.yml down
                  fi
    user_owned: true
