# DO NOT EDIT MANUALLY - Managed by Fern Replay
version: "1.0"
generations:
  - commit_sha: 4044a9c5bf1a69528f6480bfb5dddb027a44f549
    tree_hash: efa3022e445da5e45cf12b721282d51e01261c20
    timestamp: 2026-05-22T15:19:25.154Z
    cli_version: unknown
    generator_versions: {}
current_generation: 4044a9c5bf1a69528f6480bfb5dddb027a44f549
patches: []
